
Microsoft Visual Studio Solution File, Format Version 12.00
# Visual Studio Version 16
VisualStudioVersion = 16.0.31624.102
MinimumVisualStudioVersion = 10.0.40219.1
Project("{FAE04EC0-301F-11D3-BF4B-00C04F79EFBC}") = "Trivial", "Trivial.csproj", "{854D7A02-0D93-452B-824F-0FEF5BC67B7F}"
EndProject
Global
	GlobalSection(SolutionConfigurationPlatforms) = preSolution
		Debug|Any CPU = Debug|Any CPU
		Release|Any CPU = Release|Any CPU
	EndGlobalSection
	GlobalSection(ProjectConfigurationPlatforms) = postSolution
		{854D7A02-0D93-452B-824F-0FEF5BC67B7F}.Debug|Any CPU.ActiveCfg = Debug|Any CPU
		{854D7A02-0D93-452B-824F-0FEF5BC67B7F}.Debug|Any CPU.Build.0 = Debug|Any CPU
		{854D7A02-0D93-452B-824F-0FEF5BC67B7F}.Release|Any CPU.ActiveCfg = Release|Any CPU
		{854D7A02-0D93-452B-824F-0FEF5BC67B7F}.Release|Any CPU.Build.0 = Release|Any CPU
	EndGlobalSection
	GlobalSection(SolutionProperties) = preSolution
		HideSolutionNode = FALSE
	EndGlobalSection
	GlobalSection(ExtensibilityGlobals) = postSolution
		SolutionGuid = {82DBF544-7E52-4976-902E-CF8575EC8792}
	EndGlobalSection
EndGlobal
